
Microsoft Visual Studio Solution File, Format Version 12.00
# Visual Studio Version 17
VisualStudioVersion = 17.11.35208.52
MinimumVisualStudioVersion = 10.0.40219.1
Project("{9A19103F-16F7-4668-BE54-9A1E7A4F7556}") = "NET-GRPC-SECURITY", "NET-GRPC-SECURITY.csproj", "{BD4A9926-22FE-4518-AA68-7918235E2A5E}"
EndProject
Project("{9A19103F-16F7-4668-BE54-9A1E7A4F7556}") = "WAF-SECURITY", "..\WAF-SECURITY\WAF-SECURITY.csproj", "{F920A8BA-BA5E-4FBB-BBF1-C0E0611ACA26}"
EndProject
Project("{9A19103F-16F7-4668-BE54-9A1E7A4F7556}") = "NET-SECURITY-DATAACCESS", "..\NET-SECURITY-DATAACCESS\NET-SECURITY-DATAACCESS.csproj", "{F0A470A1-AB13-49E3-BD03-DBF2B0AF4C2A}"
EndProject
Project("{9A19103F-16F7-4668-BE54-9A1E7A4F7556}") = "NET-SECURITY-MODEL", "..\NET-SECURITY-MODEL\NET-SECURITY-MODEL.csproj", "{FCBFB0D9-D93D-4048-A3FD-ECECE32A5BB8}"
EndProject
Project("{9A19103F-16F7-4668-BE54-9A1E7A4F7556}") = "IDS-SECURITY", "..\IDS-SECURITY\IDS-SECURITY.csproj", "{267C5745-6A89-4843-9747-32DF7919E50D}"
EndProject
Project("{9A19103F-16F7-4668-BE54-9A1E7A4F7556}") = "RequestCultureMiddleware", "..\MiddlewareRequestInspector\RequestCultureMiddleware.csproj", "{A8651A76-A45A-4B58-99A8-AEA6FFEAC401}"
EndProject
Project("{9A19103F-16F7-4668-BE54-9A1E7A4F7556}") = "dvcsharp-core-api", "..\TEST WEB\dvcsharp-core-api.csproj", "{4748E9A4-FF74-42A3-A738-ED90CDB9365A}"
EndProject
Project("{9A19103F-16F7-4668-BE54-9A1E7A4F7556}") = "RequestCultureMiddleware-2.0", "..\RequestCultureMiddleware-2.0\RequestCultureMiddleware-2.0.csproj", "{0CA224BA-4840-445A-99B6-12398BB56FD6}"
EndProject
Project("{9A19103F-16F7-4668-BE54-9A1E7A4F7556}") = "DASHBOARD", "..\DASHBOARD\DASHBOARD.csproj", "{FF99893B-52BF-4E92-8AAA-D04872AEFE50}"
EndProject
Project("{9A19103F-16F7-4668-BE54-9A1E7A4F7556}") = "LOGGER", "..\LOGGER\LOGGER.csproj", "{7B27351D-42E4-4351-92E9-D721C5A19273}"
EndProject
Project("{9A19103F-16F7-4668-BE54-9A1E7A4F7556}") = "DASHBOARD-Services", "..\Dashboard-Services\DASHBOARD-Services.csproj", "{5342A3B7-F237-479C-BF31-CC8984FE266C}"
EndProject
Project("{9A19103F-16F7-4668-BE54-9A1E7A4F7556}") = "DBConnection", "..\DASHBOARD-DBConnection\DBConnection.csproj", "{E81F8B18-1DD3-40EC-A626-24F01547E772}"
EndProject
Project("{9A19103F-16F7-4668-BE54-9A1E7A4F7556}") = "ALERT", "..\ALERT\ALERT.csproj", "{D4A620D8-4547-47BA-AD46-043A509A61F9}"
EndProject
Project("{9A19103F-16F7-4668-BE54-9A1E7A4F7556}") = "DASHBOARD-VIEWMODEL", "..\DASHBOARD-VIEWMODEL\DASHBOARD-VIEWMODEL.csproj", "{B91B4FD2-9405-482C-8EB1-AC6F19345F36}"
EndProject
Project("{FAE04EC0-301F-11D3-BF4B-00C04F79EFBC}") = "CTTV-STORE", "..\CCTV-STORE\CTTV-STORE.csproj", "{9347F06D-75B5-4822-8B93-1F09051A1E5A}"
EndProject
Global
	GlobalSection(SolutionConfigurationPlatforms) = preSolution
		Debug|Any CPU = Debug|Any CPU
		Debug|ARM32 = Debug|ARM32
		Release|Any CPU = Release|Any CPU
		Release|ARM32 = Release|ARM32
	EndGlobalSection
	GlobalSection(ProjectConfigurationPlatforms) = postSolution
		{BD4A9926-22FE-4518-AA68-7918235E2A5E}.Debug|Any CPU.ActiveCfg = Debug|Any CPU
		{BD4A9926-22FE-4518-AA68-7918235E2A5E}.Debug|Any CPU.Build.0 = Debug|Any CPU
		{BD4A9926-22FE-4518-AA68-7918235E2A5E}.Debug|ARM32.ActiveCfg = Debug|Any CPU
		{BD4A9926-22FE-4518-AA68-7918235E2A5E}.Debug|ARM32.Build.0 = Debug|Any CPU
		{BD4A9926-22FE-4518-AA68-7918235E2A5E}.Release|Any CPU.ActiveCfg = Release|Any CPU
		{BD4A9926-22FE-4518-AA68-7918235E2A5E}.Release|Any CPU.Build.0 = Release|Any CPU
		{BD4A9926-22FE-4518-AA68-7918235E2A5E}.Release|ARM32.ActiveCfg = Release|Any CPU
		{BD4A9926-22FE-4518-AA68-7918235E2A5E}.Release|ARM32.Build.0 = Release|Any CPU
		{F920A8BA-BA5E-4FBB-BBF1-C0E0611ACA26}.Debug|Any CPU.ActiveCfg = Debug|Any CPU
		{F920A8BA-BA5E-4FBB-BBF1-C0E0611ACA26}.Debug|Any CPU.Build.0 = Debug|Any CPU
		{F920A8BA-BA5E-4FBB-BBF1-C0E0611ACA26}.Debug|ARM32.ActiveCfg = Debug|Any CPU
		{F920A8BA-BA5E-4FBB-BBF1-C0E0611ACA26}.Debug|ARM32.Build.0 = Debug|Any CPU
		{F920A8BA-BA5E-4FBB-BBF1-C0E0611ACA26}.Release|Any CPU.ActiveCfg = Release|Any CPU
		{F920A8BA-BA5E-4FBB-BBF1-C0E0611ACA26}.Release|Any CPU.Build.0 = Release|Any CPU
		{F920A8BA-BA5E-4FBB-BBF1-C0E0611ACA26}.Release|ARM32.ActiveCfg = Release|Any CPU
		{F920A8BA-BA5E-4FBB-BBF1-C0E0611ACA26}.Release|ARM32.Build.0 = Release|Any CPU
		{F0A470A1-AB13-49E3-BD03-DBF2B0AF4C2A}.Debug|Any CPU.ActiveCfg = Debug|Any CPU
		{F0A470A1-AB13-49E3-BD03-DBF2B0AF4C2A}.Debug|Any CPU.Build.0 = Debug|Any CPU
		{F0A470A1-AB13-49E3-BD03-DBF2B0AF4C2A}.Debug|ARM32.ActiveCfg = Debug|Any CPU
		{F0A470A1-AB13-49E3-BD03-DBF2B0AF4C2A}.Debug|ARM32.Build.0 = Debug|Any CPU
		{F0A470A1-AB13-49E3-BD03-DBF2B0AF4C2A}.Release|Any CPU.ActiveCfg = Release|Any CPU
		{F0A470A1-AB13-49E3-BD03-DBF2B0AF4C2A}.Release|Any CPU.Build.0 = Release|Any CPU
		{F0A470A1-AB13-49E3-BD03-DBF2B0AF4C2A}.Release|ARM32.ActiveCfg = Release|Any CPU
		{F0A470A1-AB13-49E3-BD03-DBF2B0AF4C2A}.Release|ARM32.Build.0 = Release|Any CPU
		{FCBFB0D9-D93D-4048-A3FD-ECECE32A5BB8}.Debug|Any CPU.ActiveCfg = Debug|Any CPU
		{FCBFB0D9-D93D-4048-A3FD-ECECE32A5BB8}.Debug|Any CPU.Build.0 = Debug|Any CPU
		{FCBFB0D9-D93D-4048-A3FD-ECECE32A5BB8}.Debug|ARM32.ActiveCfg = Debug|Any CPU
		{FCBFB0D9-D93D-4048-A3FD-ECECE32A5BB8}.Debug|ARM32.Build.0 = Debug|Any CPU
		{FCBFB0D9-D93D-4048-A3FD-ECECE32A5BB8}.Release|Any CPU.ActiveCfg = Release|Any CPU
		{FCBFB0D9-D93D-4048-A3FD-ECECE32A5BB8}.Release|Any CPU.Build.0 = Release|Any CPU
		{FCBFB0D9-D93D-4048-A3FD-ECECE32A5BB8}.Release|ARM32.ActiveCfg = Release|Any CPU
		{FCBFB0D9-D93D-4048-A3FD-ECECE32A5BB8}.Release|ARM32.Build.0 = Release|Any CPU
		{267C5745-6A89-4843-9747-32DF7919E50D}.Debug|Any CPU.ActiveCfg = Debug|Any CPU
		{267C5745-6A89-4843-9747-32DF7919E50D}.Debug|Any CPU.Build.0 = Debug|Any CPU
		{267C5745-6A89-4843-9747-32DF7919E50D}.Debug|ARM32.ActiveCfg = Debug|Any CPU
		{267C5745-6A89-4843-9747-32DF7919E50D}.Debug|ARM32.Build.0 = Debug|Any CPU
		{267C5745-6A89-4843-9747-32DF7919E50D}.Release|Any CPU.ActiveCfg = Release|Any CPU
		{267C5745-6A89-4843-9747-32DF7919E50D}.Release|Any CPU.Build.0 = Release|Any CPU
		{267C5745-6A89-4843-9747-32DF7919E50D}.Release|ARM32.ActiveCfg = Release|Any CPU
		{267C5745-6A89-4843-9747-32DF7919E50D}.Release|ARM32.Build.0 = Release|Any CPU
		{A8651A76-A45A-4B58-99A8-AEA6FFEAC401}.Debug|Any CPU.ActiveCfg = Debug|Any CPU
		{A8651A76-A45A-4B58-99A8-AEA6FFEAC401}.Debug|Any CPU.Build.0 = Debug|Any CPU
		{A8651A76-A45A-4B58-99A8-AEA6FFEAC401}.Debug|ARM32.ActiveCfg = Debug|ARM32
		{A8651A76-A45A-4B58-99A8-AEA6FFEAC401}.Debug|ARM32.Build.0 = Debug|ARM32
		{A8651A76-A45A-4B58-99A8-AEA6FFEAC401}.Release|Any CPU.ActiveCfg = Release|Any CPU
		{A8651A76-A45A-4B58-99A8-AEA6FFEAC401}.Release|Any CPU.Build.0 = Release|Any CPU
		{A8651A76-A45A-4B58-99A8-AEA6FFEAC401}.Release|ARM32.ActiveCfg = Release|ARM32
		{A8651A76-A45A-4B58-99A8-AEA6FFEAC401}.Release|ARM32.Build.0 = Release|ARM32
		{4748E9A4-FF74-42A3-A738-ED90CDB9365A}.Debug|Any CPU.ActiveCfg = Debug|Any CPU
		{4748E9A4-FF74-42A3-A738-ED90CDB9365A}.Debug|Any CPU.Build.0 = Debug|Any CPU
		{4748E9A4-FF74-42A3-A738-ED90CDB9365A}.Debug|ARM32.ActiveCfg = Debug|Any CPU
		{4748E9A4-FF74-42A3-A738-ED90CDB9365A}.Debug|ARM32.Build.0 = Debug|Any CPU
		{4748E9A4-FF74-42A3-A738-ED90CDB9365A}.Release|Any CPU.ActiveCfg = Release|Any CPU
		{4748E9A4-FF74-42A3-A738-ED90CDB9365A}.Release|Any CPU.Build.0 = Release|Any CPU
		{4748E9A4-FF74-42A3-A738-ED90CDB9365A}.Release|ARM32.ActiveCfg = Release|Any CPU
		{4748E9A4-FF74-42A3-A738-ED90CDB9365A}.Release|ARM32.Build.0 = Release|Any CPU
		{0CA224BA-4840-445A-99B6-12398BB56FD6}.Debug|Any CPU.ActiveCfg = Debug|Any CPU
		{0CA224BA-4840-445A-99B6-12398BB56FD6}.Debug|Any CPU.Build.0 = Debug|Any CPU
		{0CA224BA-4840-445A-99B6-12398BB56FD6}.Debug|ARM32.ActiveCfg = Debug|Any CPU
		{0CA224BA-4840-445A-99B6-12398BB56FD6}.Debug|ARM32.Build.0 = Debug|Any CPU
		{0CA224BA-4840-445A-99B6-12398BB56FD6}.Release|Any CPU.ActiveCfg = Release|Any CPU
		{0CA224BA-4840-445A-99B6-12398BB56FD6}.Release|Any CPU.Build.0 = Release|Any CPU
		{0CA224BA-4840-445A-99B6-12398BB56FD6}.Release|ARM32.ActiveCfg = Release|Any CPU
		{0CA224BA-4840-445A-99B6-12398BB56FD6}.Release|ARM32.Build.0 = Release|Any CPU
		{FF99893B-52BF-4E92-8AAA-D04872AEFE50}.Debug|Any CPU.ActiveCfg = Debug|Any CPU
		{FF99893B-52BF-4E92-8AAA-D04872AEFE50}.Debug|Any CPU.Build.0 = Debug|Any CPU
		{FF99893B-52BF-4E92-8AAA-D04872AEFE50}.Debug|ARM32.ActiveCfg = Debug|Any CPU
		{FF99893B-52BF-4E92-8AAA-D04872AEFE50}.Debug|ARM32.Build.0 = Debug|Any CPU
		{FF99893B-52BF-4E92-8AAA-D04872AEFE50}.Release|Any CPU.ActiveCfg = Release|Any CPU
		{FF99893B-52BF-4E92-8AAA-D04872AEFE50}.Release|Any CPU.Build.0 = Release|Any CPU
		{FF99893B-52BF-4E92-8AAA-D04872AEFE50}.Release|ARM32.ActiveCfg = Release|Any CPU
		{FF99893B-52BF-4E92-8AAA-D04872AEFE50}.Release|ARM32.Build.0 = Release|Any CPU
		{7B27351D-42E4-4351-92E9-D721C5A19273}.Debug|Any CPU.ActiveCfg = Debug|Any CPU
		{7B27351D-42E4-4351-92E9-D721C5A19273}.Debug|Any CPU.Build.0 = Debug|Any CPU
		{7B27351D-42E4-4351-92E9-D721C5A19273}.Debug|ARM32.ActiveCfg = Debug|Any CPU
		{7B27351D-42E4-4351-92E9-D721C5A19273}.Debug|ARM32.Build.0 = Debug|Any CPU
		{7B27351D-42E4-4351-92E9-D721C5A19273}.Release|Any CPU.ActiveCfg = Release|Any CPU
		{7B27351D-42E4-4351-92E9-D721C5A19273}.Release|Any CPU.Build.0 = Release|Any CPU
		{7B27351D-42E4-4351-92E9-D721C5A19273}.Release|ARM32.ActiveCfg = Release|Any CPU
		{7B27351D-42E4-4351-92E9-D721C5A19273}.Release|ARM32.Build.0 = Release|Any CPU
		{5342A3B7-F237-479C-BF31-CC8984FE266C}.Debug|Any CPU.ActiveCfg = Debug|Any CPU
		{5342A3B7-F237-479C-BF31-CC8984FE266C}.Debug|Any CPU.Build.0 = Debug|Any CPU
		{5342A3B7-F237-479C-BF31-CC8984FE266C}.Debug|ARM32.ActiveCfg = Debug|Any CPU
		{5342A3B7-F237-479C-BF31-CC8984FE266C}.Debug|ARM32.Build.0 = Debug|Any CPU
		{5342A3B7-F237-479C-BF31-CC8984FE266C}.Release|Any CPU.ActiveCfg = Release|Any CPU
		{5342A3B7-F237-479C-BF31-CC8984FE266C}.Release|Any CPU.Build.0 = Release|Any CPU
		{5342A3B7-F237-479C-BF31-CC8984FE266C}.Release|ARM32.ActiveCfg = Release|Any CPU
		{5342A3B7-F237-479C-BF31-CC8984FE266C}.Release|ARM32.Build.0 = Release|Any CPU
		{E81F8B18-1DD3-40EC-A626-24F01547E772}.Debug|Any CPU.ActiveCfg = Debug|Any CPU
		{E81F8B18-1DD3-40EC-A626-24F01547E772}.Debug|Any CPU.Build.0 = Debug|Any CPU
		{E81F8B18-1DD3-40EC-A626-24F01547E772}.Debug|ARM32.ActiveCfg = Debug|Any CPU
		{E81F8B18-1DD3-40EC-A626-24F01547E772}.Debug|ARM32.Build.0 = Debug|Any CPU
		{E81F8B18-1DD3-40EC-A626-24F01547E772}.Release|Any CPU.ActiveCfg = Release|Any CPU
		{E81F8B18-1DD3-40EC-A626-24F01547E772}.Release|Any CPU.Build.0 = Release|Any CPU
		{E81F8B18-1DD3-40EC-A626-24F01547E772}.Release|ARM32.ActiveCfg = Release|Any CPU
		{E81F8B18-1DD3-40EC-A626-24F01547E772}.Release|ARM32.Build.0 = Release|Any CPU
		{D4A620D8-4547-47BA-AD46-043A509A61F9}.Debug|Any CPU.ActiveCfg = Debug|Any CPU
		{D4A620D8-4547-47BA-AD46-043A509A61F9}.Debug|Any CPU.Build.0 = Debug|Any CPU
		{D4A620D8-4547-47BA-AD46-043A509A61F9}.Debug|ARM32.ActiveCfg = Debug|Any CPU
		{D4A620D8-4547-47BA-AD46-043A509A61F9}.Debug|ARM32.Build.0 = Debug|Any CPU
		{D4A620D8-4547-47BA-AD46-043A509A61F9}.Release|Any CPU.ActiveCfg = Release|Any CPU
		{D4A620D8-4547-47BA-AD46-043A509A61F9}.Release|Any CPU.Build.0 = Release|Any CPU
		{D4A620D8-4547-47BA-AD46-043A509A61F9}.Release|ARM32.ActiveCfg = Release|Any CPU
		{D4A620D8-4547-47BA-AD46-043A509A61F9}.Release|ARM32.Build.0 = Release|Any CPU
		{B91B4FD2-9405-482C-8EB1-AC6F19345F36}.Debug|Any CPU.ActiveCfg = Debug|Any CPU
		{B91B4FD2-9405-482C-8EB1-AC6F19345F36}.Debug|Any CPU.Build.0 = Debug|Any CPU
		{B91B4FD2-9405-482C-8EB1-AC6F19345F36}.Debug|ARM32.ActiveCfg = Debug|Any CPU
		{B91B4FD2-9405-482C-8EB1-AC6F19345F36}.Debug|ARM32.Build.0 = Debug|Any CPU
		{B91B4FD2-9405-482C-8EB1-AC6F19345F36}.Release|Any CPU.ActiveCfg = Release|Any CPU
		{B91B4FD2-9405-482C-8EB1-AC6F19345F36}.Release|Any CPU.Build.0 = Release|Any CPU
		{B91B4FD2-9405-482C-8EB1-AC6F19345F36}.Release|ARM32.ActiveCfg = Release|Any CPU
		{B91B4FD2-9405-482C-8EB1-AC6F19345F36}.Release|ARM32.Build.0 = Release|Any CPU
		{9347F06D-75B5-4822-8B93-1F09051A1E5A}.Debug|Any CPU.ActiveCfg = Debug|Any CPU
		{9347F06D-75B5-4822-8B93-1F09051A1E5A}.Debug|Any CPU.Build.0 = Debug|Any CPU
		{9347F06D-75B5-4822-8B93-1F09051A1E5A}.Debug|ARM32.ActiveCfg = Debug|Any CPU
		{9347F06D-75B5-4822-8B93-1F09051A1E5A}.Debug|ARM32.Build.0 = Debug|Any CPU
		{9347F06D-75B5-4822-8B93-1F09051A1E5A}.Release|Any CPU.ActiveCfg = Release|Any CPU
		{9347F06D-75B5-4822-8B93-1F09051A1E5A}.Release|Any CPU.Build.0 = Release|Any CPU
		{9347F06D-75B5-4822-8B93-1F09051A1E5A}.Release|ARM32.ActiveCfg = Release|Any CPU
		{9347F06D-75B5-4822-8B93-1F09051A1E5A}.Release|ARM32.Build.0 = Release|Any CPU
	EndGlobalSection
	GlobalSection(SolutionProperties) = preSolution
		HideSolutionNode = FALSE
	EndGlobalSection
	GlobalSection(ExtensibilityGlobals) = postSolution
		SolutionGuid = {675BE978-2ED3-4A9B-85C8-70FD6CB40FBA}
	EndGlobalSection
EndGlobal
